// !$*UTF8*$!
{
	archiveVersion = 1;
	classes = {
	};
	objectVersion = 52;
	objects = {

/* Begin PBXBuildFile section */
		BB27D0382714CA540066EEC7 /* HeroRowView.swift in Sources */ = {isa = PBXBuildFile; fileRef = BB27D0372714CA540066EEC7 /* HeroRowView.swift */; };
		BB40FE2B26F88D4100506803 /* MarvelComicsApp.swift in Sources */ = {isa = PBXBuildFile; fileRef = BB40FE2A26F88D4100506803 /* MarvelComicsApp.swift */; };
		BB40FE2D26F88D4100506803 /* ContentView.swift in Sources */ = {isa = PBXBuildFile; fileRef = BB40FE2C26F88D4100506803 /* ContentView.swift */; };
		BB40FE2F26F88D4300506803 /* Assets.xcassets in Resources */ = {isa = PBXBuildFile; fileRef = BB40FE2E26F88D4300506803 /* Assets.xcassets */; };
		BB40FE3226F88D4300506803 /* Preview Assets.xcassets in Resources */ = {isa = PBXBuildFile; fileRef = BB40FE3126F88D4300506803 /* Preview Assets.xcassets */; };
		BB40FE3D26F88D4300506803 /* MarvelComicsTests.swift in Sources */ = {isa = PBXBuildFile; fileRef = BB40FE3C26F88D4300506803 /* MarvelComicsTests.swift */; };
		BB40FE4826F88D4300506803 /* MarvelComicsUITests.swift in Sources */ = {isa = PBXBuildFile; fileRef = BB40FE4726F88D4300506803 /* MarvelComicsUITests.swift */; };
		BB40FE5F26FA3C5500506803 /* Endpoints.swift in Sources */ = {isa = PBXBuildFile; fileRef = BB40FE5E26FA3C5500506803 /* Endpoints.swift */; };
		BB40FE6426FA3CA000506803 /* Endpoint+URL.swift in Sources */ = {isa = PBXBuildFile; fileRef = BB40FE6326FA3CA000506803 /* Endpoint+URL.swift */; };
		BB40FE6D2704690E00506803 /* Hero.swift in Sources */ = {isa = PBXBuildFile; fileRef = BB40FE6C2704690E00506803 /* Hero.swift */; };
		BB40FE722704694300506803 /* Networker.swift in Sources */ = {isa = PBXBuildFile; fileRef = BB40FE712704694300506803 /* Networker.swift */; };
		BB57EB7E2714492400455216 /* HeroDetailView.swift in Sources */ = {isa = PBXBuildFile; fileRef = BB57EB7D2714492400455216 /* HeroDetailView.swift */; };
		BB5C5BF7270B0917007B826D /* HerosViewModel.swift in Sources */ = {isa = PBXBuildFile; fileRef = BB5C5BF6270B0917007B826D /* HerosViewModel.swift */; };
		BB5C5BFD270C5741007B826D /* HeroService.swift in Sources */ = {isa = PBXBuildFile; fileRef = BB5C5BFC270C5741007B826D /* HeroService.swift */; };
		BB5C5C10270DABB5007B826D /* HerosConfigurator.swift in Sources */ = {isa = PBXBuildFile; fileRef = BB5C5C0F270DABB5007B826D /* HerosConfigurator.swift */; };
		BB5C5C19270DF051007B826D /* URLImageStore in Frameworks */ = {isa = PBXBuildFile; productRef = BB5C5C18270DF051007B826D /* URLImageStore */; };
		BB5C5C1B270DF051007B826D /* URLImage in Frameworks */ = {isa = PBXBuildFile; productRef = BB5C5C1A270DF051007B826D /* URLImage */; };
		BB5C5C21270DF684007B826D /* SDWebImageSwiftUI in Frameworks */ = {isa = PBXBuildFile; productRef = BB5C5C20270DF684007B826D /* SDWebImageSwiftUI */; };
		BB784D9C2714C67300256F73 /* HerosView.swift in Sources */ = {isa = PBXBuildFile; fileRef = BB784D9B2714C67300256F73 /* HerosView.swift */; };
		BB9669BE2713AFF400BDC8AF /* HeroRouter.swift in Sources */ = {isa = PBXBuildFile; fileRef = BB9669BD2713AFF400BDC8AF /* HeroRouter.swift */; };
		BB9669C32713B03A00BDC8AF /* HeroDetailRouter.swift in Sources */ = {isa = PBXBuildFile; fileRef = BB9669C22713B03A00BDC8AF /* HeroDetailRouter.swift */; };
		BB9669C82713B0B600BDC8AF /* HeroDetailConfigurator.swift in Sources */ = {isa = PBXBuildFile; fileRef = BB9669C72713B0B600BDC8AF /* HeroDetailConfigurator.swift */; };
		BB9669CD2713B0FA00BDC8AF /* HeroDetailViewModel.swift in Sources */ = {isa = PBXBuildFile; fileRef = BB9669CC2713B0FA00BDC8AF /* HeroDetailViewModel.swift */; };
/* End PBXBuildFile section */

/* Begin PBXContainerItemProxy section */
		BB40FE3926F88D4300506803 /* PBXContainerItemProxy */ = {
			isa = PBXContainerItemProxy;
			containerPortal = BB40FE1F26F88D4100506803 /* Project object */;
			proxyType = 1;
			remoteGlobalIDString = BB40FE2626F88D4100506803;
			remoteInfo = MarvelComics;
		};
		BB40FE4426F88D4300506803 /* PBXContainerItemProxy */ = {
			isa = PBXContainerItemProxy;
			containerPortal = BB40FE1F26F88D4100506803 /* Project object */;
			proxyType = 1;
			remoteGlobalIDString = BB40FE2626F88D4100506803;
			remoteInfo = MarvelComics;
		};
/* End PBXContainerItemProxy section */

/* Begin PBXFileReference section */
		BB27D0372714CA540066EEC7 /* HeroRowView.swift */ = {isa = PBXFileReference; lastKnownFileType = sourcecode.swift; path = HeroRowView.swift; sourceTree = "<group>"; };
		BB40FE2726F88D4100506803 /* MarvelComics.app */ = {isa = PBXFileReference; explicitFileType = wrapper.application; includeInIndex = 0; path = MarvelComics.app; sourceTree = BUILT_PRODUCTS_DIR; };
		BB40FE2A26F88D4100506803 /* MarvelComicsApp.swift */ = {isa = PBXFileReference; lastKnownFileType = sourcecode.swift; path = MarvelComicsApp.swift; sourceTree = "<group>"; };
		BB40FE2C26F88D4100506803 /* ContentView.swift */ = {isa = PBXFileReference; lastKnownFileType = sourcecode.swift; path = ContentView.swift; sourceTree = "<group>"; };
		BB40FE2E26F88D4300506803 /* Assets.xcassets */ = {isa = PBXFileReference; lastKnownFileType = folder.assetcatalog; path = Assets.xcassets; sourceTree = "<group>"; };
		BB40FE3126F88D4300506803 /* Preview Assets.xcassets */ = {isa = PBXFileReference; lastKnownFileType = folder.assetcatalog; path = "Preview Assets.xcassets"; sourceTree = "<group>"; };
		BB40FE3326F88D4300506803 /* Info.plist */ = {isa = PBXFileReference; lastKnownFileType = text.plist.xml; path = Info.plist; sourceTree = "<group>"; };
		BB40FE3826F88D4300506803 /* MarvelComicsTests.xctest */ = {isa = PBXFileReference; explicitFileType = wrapper.cfbundle; includeInIndex = 0; path = MarvelComicsTests.xctest; sourceTree = BUILT_PRODUCTS_DIR; };
		BB40FE3C26F88D4300506803 /* MarvelComicsTests.swift */ = {isa = PBXFileReference; lastKnownFileType = sourcecode.swift; path = MarvelComicsTests.swift; sourceTree = "<group>"; };
		BB40FE3E26F88D4300506803 /* Info.plist */ = {isa = PBXFileReference; lastKnownFileType = text.plist.xml; path = Info.plist; sourceTree = "<group>"; };
		BB40FE4326F88D4300506803 /* MarvelComicsUITests.xctest */ = {isa = PBXFileReference; explicitFileType = wrapper.cfbundle; includeInIndex = 0; path = MarvelComicsUITests.xctest; sourceTree = BUILT_PRODUCTS_DIR; };
		BB40FE4726F88D4300506803 /* MarvelComicsUITests.swift */ = {isa = PBXFileReference; lastKnownFileType = sourcecode.swift; path = MarvelComicsUITests.swift; sourceTree = "<group>"; };
		BB40FE4926F88D4300506803 /* Info.plist */ = {isa = PBXFileReference; lastKnownFileType = text.plist.xml; path = Info.plist; sourceTree = "<group>"; };
		BB40FE5E26FA3C5500506803 /* Endpoints.swift */ = {isa = PBXFileReference; lastKnownFileType = sourcecode.swift; path = Endpoints.swift; sourceTree = "<group>"; };
		BB40FE6326FA3CA000506803 /* Endpoint+URL.swift */ = {isa = PBXFileReference; lastKnownFileType = sourcecode.swift; path = "Endpoint+URL.swift"; sourceTree = "<group>"; };
		BB40FE6C2704690E00506803 /* Hero.swift */ = {isa = PBXFileReference; lastKnownFileType = sourcecode.swift; path = Hero.swift; sourceTree = "<group>"; };
		BB40FE712704694300506803 /* Networker.swift */ = {isa = PBXFileReference; lastKnownFileType = sourcecode.swift; path = Networker.swift; sourceTree = "<group>"; };
		BB57EB7D2714492400455216 /* HeroDetailView.swift */ = {isa = PBXFileReference; lastKnownFileType = sourcecode.swift; path = HeroDetailView.swift; sourceTree = "<group>"; };
		BB5C5BF6270B0917007B826D /* HerosViewModel.swift */ = {isa = PBXFileReference; lastKnownFileType = sourcecode.swift; path = HerosViewModel.swift; sourceTree = "<group>"; };
		BB5C5BFC270C5741007B826D /* HeroService.swift */ = {isa = PBXFileReference; lastKnownFileType = sourcecode.swift; path = HeroService.swift; sourceTree = "<group>"; };
		BB5C5C0F270DABB5007B826D /* HerosConfigurator.swift */ = {isa = PBXFileReference; lastKnownFileType = sourcecode.swift; path = HerosConfigurator.swift; sourceTree = "<group>"; };
		BB784D9B2714C67300256F73 /* HerosView.swift */ = {isa = PBXFileReference; lastKnownFileType = sourcecode.swift; path = HerosView.swift; sourceTree = "<group>"; };
		BB9669BD2713AFF400BDC8AF /* HeroRouter.swift */ = {isa = PBXFileReference; lastKnownFileType = sourcecode.swift; path = HeroRouter.swift; sourceTree = "<group>"; };
		BB9669C22713B03A00BDC8AF /* HeroDetailRouter.swift */ = {isa = PBXFileReference; lastKnownFileType = sourcecode.swift; path = HeroDetailRouter.swift; sourceTree = "<group>"; };
		BB9669C72713B0B600BDC8AF /* HeroDetailConfigurator.swift */ = {isa = PBXFileReference; lastKnownFileType = sourcecode.swift; path = HeroDetailConfigurator.swift; sourceTree = "<group>"; };
		BB9669CC2713B0FA00BDC8AF /* HeroDetailViewModel.swift */ = {isa = PBXFileReference; lastKnownFileType = sourcecode.swift; path = HeroDetailViewModel.swift; sourceTree = "<group>"; };
/* End PBXFileReference section */

/* Begin PBXFrameworksBuildPhase section */
		BB40FE2426F88D4100506803 /* Frameworks */ = {
			isa = PBXFrameworksBuildPhase;
			buildActionMask = 2147483647;
			files = (
				BB5C5C21270DF684007B826D /* SDWebImageSwiftUI in Frameworks */,
				BB5C5C1B270DF051007B826D /* URLImage in Frameworks */,
				BB5C5C19270DF051007B826D /* URLImageStore in Frameworks */,
			);
			runOnlyForDeploymentPostprocessing = 0;
		};
		BB40FE3526F88D4300506803 /* Frameworks */ = {
			isa = PBXFrameworksBuildPhase;
			buildActionMask = 2147483647;
			files = (
			);
			runOnlyForDeploymentPostprocessing = 0;
		};
		BB40FE4026F88D4300506803 /* Frameworks */ = {
			isa = PBXFrameworksBuildPhase;
			buildActionMask = 2147483647;
			files = (
			);
			runOnlyForDeploymentPostprocessing = 0;
		};
/* End PBXFrameworksBuildPhase section */

/* Begin PBXGroup section */
		BB40FE1E26F88D4100506803 = {
			isa = PBXGroup;
			children = (
				BB40FE2926F88D4100506803 /* MarvelComics */,
				BB40FE3B26F88D4300506803 /* MarvelComicsTests */,
				BB40FE4626F88D4300506803 /* MarvelComicsUITests */,
				BB40FE2826F88D4100506803 /* Products */,
			);
			sourceTree = "<group>";
		};
		BB40FE2826F88D4100506803 /* Products */ = {
			isa = PBXGroup;
			children = (
				BB40FE2726F88D4100506803 /* MarvelComics.app */,
				BB40FE3826F88D4300506803 /* MarvelComicsTests.xctest */,
				BB40FE4326F88D4300506803 /* MarvelComicsUITests.xctest */,
			);
			name = Products;
			sourceTree = "<group>";
		};
		BB40FE2926F88D4100506803 /* MarvelComics */ = {
			isa = PBXGroup;
			children = (
				BB9669B62710B3DD00BDC8AF /* HeroDetail */,
				BB9669B52710B3CD00BDC8AF /* Hero */,
				BB40FE5826F88D6400506803 /* NetworkLayer */,
				BB40FE2A26F88D4100506803 /* MarvelComicsApp.swift */,
				BB40FE2C26F88D4100506803 /* ContentView.swift */,
				BB40FE2E26F88D4300506803 /* Assets.xcassets */,
				BB40FE3326F88D4300506803 /* Info.plist */,
				BB40FE3026F88D4300506803 /* Preview Content */,
			);
			path = MarvelComics;
			sourceTree = "<group>";
		};
		BB40FE3026F88D4300506803 /* Preview Content */ = {
			isa = PBXGroup;
			children = (
				BB40FE3126F88D4300506803 /* Preview Assets.xcassets */,
			);
			path = "Preview Content";
			sourceTree = "<group>";
		};
		BB40FE3B26F88D4300506803 /* MarvelComicsTests */ = {
			isa = PBXGroup;
			children = (
				BB40FE3C26F88D4300506803 /* MarvelComicsTests.swift */,
				BB40FE3E26F88D4300506803 /* Info.plist */,
			);
			path = MarvelComicsTests;
			sourceTree = "<group>";
		};
		BB40FE4626F88D4300506803 /* MarvelComicsUITests */ = {
			isa = PBXGroup;
			children = (
				BB40FE4726F88D4300506803 /* MarvelComicsUITests.swift */,
				BB40FE4926F88D4300506803 /* Info.plist */,
			);
			path = MarvelComicsUITests;
			sourceTree = "<group>";
		};
		BB40FE5826F88D6400506803 /* NetworkLayer */ = {
			isa = PBXGroup;
			children = (
				BB5C5BFB270C5736007B826D /* Services */,
				BB40FE6826FA3F8800506803 /* Endpoint */,
				BB40FE712704694300506803 /* Networker.swift */,
			);
			path = NetworkLayer;
			sourceTree = "<group>";
		};
		BB40FE5926F88D6B00506803 /* Model */ = {
			isa = PBXGroup;
			children = (
				BB40FE6C2704690E00506803 /* Hero.swift */,
			);
			path = Model;
			sourceTree = "<group>";
		};
		BB40FE5A26F88D6E00506803 /* View */ = {
			isa = PBXGroup;
			children = (
				BB5C5C0F270DABB5007B826D /* HerosConfigurator.swift */,
				BB9669BD2713AFF400BDC8AF /* HeroRouter.swift */,
				BB27D0372714CA540066EEC7 /* HeroRowView.swift */,
				BB784D9B2714C67300256F73 /* HerosView.swift */,
			);
			path = View;
			sourceTree = "<group>";
		};
		BB40FE5B26F88D7200506803 /* ViewModel */ = {
			isa = PBXGroup;
			children = (
				BB5C5BF6270B0917007B826D /* HerosViewModel.swift */,
			);
			path = ViewModel;
			sourceTree = "<group>";
		};
		BB40FE6826FA3F8800506803 /* Endpoint */ = {
			isa = PBXGroup;
			children = (
				BB40FE5E26FA3C5500506803 /* Endpoints.swift */,
				BB40FE6326FA3CA000506803 /* Endpoint+URL.swift */,
			);
			path = Endpoint;
			sourceTree = "<group>";
		};
		BB5C5BFB270C5736007B826D /* Services */ = {
			isa = PBXGroup;
			children = (
				BB5C5BFC270C5741007B826D /* HeroService.swift */,
			);
			path = Services;
			sourceTree = "<group>";
		};
		BB9669B52710B3CD00BDC8AF /* Hero */ = {
			isa = PBXGroup;
			children = (
				BB40FE5B26F88D7200506803 /* ViewModel */,
				BB40FE5A26F88D6E00506803 /* View */,
				BB40FE5926F88D6B00506803 /* Model */,
			);
			path = Hero;
			sourceTree = "<group>";
		};
		BB9669B62710B3DD00BDC8AF /* HeroDetail */ = {
			isa = PBXGroup;
			children = (
				BB9669C22713B03A00BDC8AF /* HeroDetailRouter.swift */,
				BB9669C72713B0B600BDC8AF /* HeroDetailConfigurator.swift */,
				BB9669CC2713B0FA00BDC8AF /* HeroDetailViewModel.swift */,
				BB57EB7D2714492400455216 /* HeroDetailView.swift */,
			);
			path = HeroDetail;
			sourceTree = "<group>";
		};
/* End PBXGroup section */

/* Begin PBXNativeTarget section */
		BB40FE2626F88D4100506803 /* MarvelComics */ = {
			isa = PBXNativeTarget;
			buildConfigurationList = BB40FE4C26F88D4300506803 /* Build configuration list for PBXNativeTarget "MarvelComics" */;
			buildPhases = (
				BB40FE2326F88D4100506803 /* Sources */,
				BB40FE2426F88D4100506803 /* Frameworks */,
				BB40FE2526F88D4100506803 /* Resources */,
			);
			buildRules = (
			);
			dependencies = (
			);
			name = MarvelComics;
			packageProductDependencies = (
				BB5C5C18270DF051007B826D /* URLImageStore */,
				BB5C5C1A270DF051007B826D /* URLImage */,
				BB5C5C20270DF684007B826D /* SDWebImageSwiftUI */,
			);
			productName = MarvelComics;
			productReference = BB40FE2726F88D4100506803 /* MarvelComics.app */;
			productType = "com.apple.product-type.application";
		};
		BB40FE3726F88D4300506803 /* MarvelComicsTests */ = {
			isa = PBXNativeTarget;
			buildConfigurationList = BB40FE4F26F88D4300506803 /* Build configuration list for PBXNativeTarget "MarvelComicsTests" */;
			buildPhases = (
				BB40FE3426F88D4300506803 /* Sources */,
				BB40FE3526F88D4300506803 /* Frameworks */,
				BB40FE3626F88D4300506803 /* Resources */,
			);
			buildRules = (
			);
			dependencies = (
				BB40FE3A26F88D4300506803 /* PBXTargetDependency */,
			);
			name = MarvelComicsTests;
			productName = MarvelComicsTests;
			productReference = BB40FE3826F88D4300506803 /* MarvelComicsTests.xctest */;
			productType = "com.apple.product-type.bundle.unit-test";
		};
		BB40FE4226F88D4300506803 /* MarvelComicsUITests */ = {
			isa = PBXNativeTarget;
			buildConfigurationList = BB40FE5226F88D4300506803 /* Build configuration list for PBXNativeTarget "MarvelComicsUITests" */;
			buildPhases = (
				BB40FE3F26F88D4300506803 /* Sources */,
				BB40FE4026F88D4300506803 /* Frameworks */,
				BB40FE4126F88D4300506803 /* Resources */,
			);
			buildRules = (
			);
			dependencies = (
				BB40FE4526F88D4300506803 /* PBXTargetDependency */,
			);
			name = MarvelComicsUITests;
			productName = MarvelComicsUITests;
			productReference = BB40FE4326F88D4300506803 /* MarvelComicsUITests.xctest */;
			productType = "com.apple.product-type.bundle.ui-testing";
		};
/* End PBXNativeTarget section */

/* Begin PBXProject section */
		BB40FE1F26F88D4100506803 /* Project object */ = {
			isa = PBXProject;
			attributes = {
				LastSwiftUpdateCheck = 1210;
				LastUpgradeCheck = 1210;
				TargetAttributes = {
					BB40FE2626F88D4100506803 = {
						CreatedOnToolsVersion = 12.1;
					};
					BB40FE3726F88D4300506803 = {
						CreatedOnToolsVersion = 12.1;
						TestTargetID = BB40FE2626F88D4100506803;
					};
					BB40FE4226F88D4300506803 = {
						CreatedOnToolsVersion = 12.1;
						TestTargetID = BB40FE2626F88D4100506803;
					};
				};
			};
			buildConfigurationList = BB40FE2226F88D4100506803 /* Build configuration list for PBXProject "MarvelComics" */;
			compatibilityVersion = "Xcode 9.3";
			developmentRegion = en;
			hasScannedForEncodings = 0;
			knownRegions = (
				en,
				Base,
			);
			mainGroup = BB40FE1E26F88D4100506803;
			packageReferences = (
				BB5C5C17270DF051007B826D /* XCRemoteSwiftPackageReference "url-image" */,
				BB5C5C1F270DF684007B826D /* XCRemoteSwiftPackageReference "SDWebImageSwiftUI" */,
			);
			productRefGroup = BB40FE2826F88D4100506803 /* Products */;
			projectDirPath = "";
			projectRoot = "";
			targets = (
				BB40FE2626F88D4100506803 /* MarvelComics */,
				BB40FE3726F88D4300506803 /* MarvelComicsTests */,
				BB40FE4226F88D4300506803 /* MarvelComicsUITests */,
			);
		};
/* End PBXProject section */

/* Begin PBXResourcesBuildPhase section */
		BB40FE2526F88D4100506803 /* Resources */ = {
			isa = PBXResourcesBuildPhase;
			buildActionMask = 2147483647;
			files = (
				BB40FE3226F88D4300506803 /* Preview Assets.xcassets in Resources */,
				BB40FE2F26F88D4300506803 /* Assets.xcassets in Resources */,
			);
			runOnlyForDeploymentPostprocessing = 0;
		};
		BB40FE3626F88D4300506803 /* Resources */ = {
			isa = PBXResourcesBuildPhase;
			buildActionMask = 2147483647;
			files = (
			);
			runOnlyForDeploymentPostprocessing = 0;
		};
		BB40FE4126F88D4300506803 /* Resources */ = {
			isa = PBXResourcesBuildPhase;
			buildActionMask = 2147483647;
			files = (
			);
			runOnlyForDeploymentPostprocessing = 0;
		};
/* End PBXResourcesBuildPhase section */

/* Begin PBXSourcesBuildPhase section */
		BB40FE2326F88D4100506803 /* Sources */ = {
			isa = PBXSourcesBuildPhase;
			buildActionMask = 2147483647;
			files = (
				BB40FE6D2704690E00506803 /* Hero.swift in Sources */,
				BB5C5BF7270B0917007B826D /* HerosViewModel.swift in Sources */,
				BB9669C32713B03A00BDC8AF /* HeroDetailRouter.swift in Sources */,
				BB9669BE2713AFF400BDC8AF /* HeroRouter.swift in Sources */,
				BB40FE6426FA3CA000506803 /* Endpoint+URL.swift in Sources */,
				BB40FE2D26F88D4100506803 /* ContentView.swift in Sources */,
				BB784D9C2714C67300256F73 /* HerosView.swift in Sources */,
				BB5C5C10270DABB5007B826D /* HerosConfigurator.swift in Sources */,
				BB40FE5F26FA3C5500506803 /* Endpoints.swift in Sources */,
				BB9669CD2713B0FA00BDC8AF /* HeroDetailViewModel.swift in Sources */,
				BB9669C82713B0B600BDC8AF /* HeroDetailConfigurator.swift in Sources */,
				BB57EB7E2714492400455216 /* HeroDetailView.swift in Sources */,
				BB40FE2B26F88D4100506803 /* MarvelComicsApp.swift in Sources */,
				BB27D0382714CA540066EEC7 /* HeroRowView.swift in Sources */,
				BB40FE722704694300506803 /* Networker.swift in Sources */,
				BB5C5BFD270C5741007B826D /* HeroService.swift in Sources */,
			);
			runOnlyForDeploymentPostprocessing = 0;
		};
		BB40FE3426F88D4300506803 /* Sources */ = {
			isa = PBXSourcesBuildPhase;
			buildActionMask = 2147483647;
			files = (
				BB40FE3D26F88D4300506803 /* MarvelComicsTests.swift in Sources */,
			);
			runOnlyForDeploymentPostprocessing = 0;
		};
		BB40FE3F26F88D4300506803 /* Sources */ = {
			isa = PBXSourcesBuildPhase;
			buildActionMask = 2147483647;
			files = (
				BB40FE4826F88D4300506803 /* MarvelComicsUITests.swift in Sources */,
			);
			runOnlyForDeploymentPostprocessing = 0;
		};
/* End PBXSourcesBuildPhase section */

/* Begin PBXTargetDependency section */
		BB40FE3A26F88D4300506803 /* PBXTargetDependency */ = {
			isa = PBXTargetDependency;
			target = BB40FE2626F88D4100506803 /* MarvelComics */;
			targetProxy = BB40FE3926F88D4300506803 /* PBXContainerItemProxy */;
		};
		BB40FE4526F88D4300506803 /* PBXTargetDependency */ = {
			isa = PBXTargetDependency;
			target = BB40FE2626F88D4100506803 /* MarvelComics */;
			targetProxy = BB40FE4426F88D4300506803 /* PBXContainerItemProxy */;
		};
/* End PBXTargetDependency section */

/* Begin XCBuildConfiguration section */
		BB40FE4A26F88D4300506803 /* Debug */ = {
			isa = XCBuildConfiguration;
			buildSettings = {
				ALWAYS_SEARCH_USER_PATHS = NO;
				CLANG_ANALYZER_NONNULL = YES;
				CLANG_ANALYZER_NUMBER_OBJECT_CONVERSION = YES_AGGRESSIVE;
				CLANG_CXX_LANGUAGE_STANDARD = "gnu++14";
				CLANG_CXX_LIBRARY = "libc++";
				CLANG_ENABLE_MODULES = YES;
				CLANG_ENABLE_OBJC_ARC = YES;
				CLANG_ENABLE_OBJC_WEAK = YES;
				CLANG_WARN_BLOCK_CAPTURE_AUTORELEASING = YES;
				CLANG_WARN_BOOL_CONVERSION = YES;
				CLANG_WARN_COMMA = YES;
				CLANG_WARN_CONSTANT_CONVERSION = YES;
				CLANG_WARN_DEPRECATED_OBJC_IMPLEMENTATIONS = YES;
				CLANG_WARN_DIRECT_OBJC_ISA_USAGE = YES_ERROR;
				CLANG_WARN_DOCUMENTATION_COMMENTS = YES;
				CLANG_WARN_EMPTY_BODY = YES;
				CLANG_WARN_ENUM_CONVERSION = YES;
				CLANG_WARN_INFINITE_RECURSION = YES;
				CLANG_WARN_INT_CONVERSION = YES;
				CLANG_WARN_NON_LITERAL_NULL_CONVERSION = YES;
				CLANG_WARN_OBJC_IMPLICIT_RETAIN_SELF = YES;
				CLANG_WARN_OBJC_LITERAL_CONVERSION = YES;
				CLANG_WARN_OBJC_ROOT_CLASS = YES_ERROR;
				CLANG_WARN_QUOTED_INCLUDE_IN_FRAMEWORK_HEADER = YES;
				CLANG_WARN_RANGE_LOOP_ANALYSIS = YES;
				CLANG_WARN_STRICT_PROTOTYPES = YES;
				CLANG_WARN_SUSPICIOUS_MOVE = YES;
				CLANG_WARN_UNGUARDED_AVAILABILITY = YES_AGGRESSIVE;
				CLANG_WARN_UNREACHABLE_CODE = YES;
				CLANG_WARN__DUPLICATE_METHOD_MATCH = YES;
				COPY_PHASE_STRIP = NO;
				DEBUG_INFORMATION_FORMAT = dwarf;
				ENABLE_STRICT_OBJC_MSGSEND = YES;
				ENABLE_TESTABILITY = YES;
				GCC_C_LANGUAGE_STANDARD = gnu11;
				GCC_DYNAMIC_NO_PIC = NO;
				GCC_NO_COMMON_BLOCKS = YES;
				GCC_OPTIMIZATION_LEVEL = 0;
				GCC_PREPROCESSOR_DEFINITIONS = (
					"DEBUG=1",
					"$(inherited)",
				);
				GCC_WARN_64_TO_32_BIT_CONVERSION = YES;
				GCC_WARN_ABOUT_RETURN_TYPE = YES_ERROR;
				GCC_WARN_UNDECLARED_SELECTOR = YES;
				GCC_WARN_UNINITIALIZED_AUTOS = YES_AGGRESSIVE;
				GCC_WARN_UNUSED_FUNCTION = YES;
				GCC_WARN_UNUSED_VARIABLE = YES;
				IPHONEOS_DEPLOYMENT_TARGET = 14.1;
				MTL_ENABLE_DEBUG_INFO = INCLUDE_SOURCE;
				MTL_FAST_MATH = YES;
				ONLY_ACTIVE_ARCH = YES;
				SDKROOT = iphoneos;
				SWIFT_ACTIVE_COMPILATION_CONDITIONS = DEBUG;
				SWIFT_OPTIMIZATION_LEVEL = "-Onone";
			};
			name = Debug;
		};
		BB40FE4B26F88D4300506803 /* Release */ = {
			isa = XCBuildConfiguration;
			buildSettings = {
				ALWAYS_SEARCH_USER_PATHS = NO;
				CLANG_ANALYZER_NONNULL = YES;
				CLANG_ANALYZER_NUMBER_OBJECT_CONVERSION = YES_AGGRESSIVE;
				CLANG_CXX_LANGUAGE_STANDARD = "gnu++14";
				CLANG_CXX_LIBRARY = "libc++";
				CLANG_ENABLE_MODULES = YES;
				CLANG_ENABLE_OBJC_ARC = YES;
				CLANG_ENABLE_OBJC_WEAK = YES;
				CLANG_WARN_BLOCK_CAPTURE_AUTORELEASING = YES;
				CLANG_WARN_BOOL_CONVERSION = YES;
				CLANG_WARN_COMMA = YES;
				CLANG_WARN_CONSTANT_CONVERSION = YES;
				CLANG_WARN_DEPRECATED_OBJC_IMPLEMENTATIONS = YES;
				CLANG_WARN_DIRECT_OBJC_ISA_USAGE = YES_ERROR;
				CLANG_WARN_DOCUMENTATION_COMMENTS = YES;
				CLANG_WARN_EMPTY_BODY = YES;
				CLANG_WARN_ENUM_CONVERSION = YES;
				CLANG_WARN_INFINITE_RECURSION = YES;
				CLANG_WARN_INT_CONVERSION = YES;
				CLANG_WARN_NON_LITERAL_NULL_CONVERSION = YES;
				CLANG_WARN_OBJC_IMPLICIT_RETAIN_SELF = YES;
				CLANG_WARN_OBJC_LITERAL_CONVERSION = YES;
				CLANG_WARN_OBJC_ROOT_CLASS = YES_ERROR;
				CLANG_WARN_QUOTED_INCLUDE_IN_FRAMEWORK_HEADER = YES;
				CLANG_WARN_RANGE_LOOP_ANALYSIS = YES;
				CLANG_WARN_STRICT_PROTOTYPES = YES;
				CLANG_WARN_SUSPICIOUS_MOVE = YES;
				CLANG_WARN_UNGUARDED_AVAILABILITY = YES_AGGRESSIVE;
				CLANG_WARN_UNREACHABLE_CODE = YES;
				CLANG_WARN__DUPLICATE_METHOD_MATCH = YES;
				COPY_PHASE_STRIP = NO;
				DEBUG_INFORMATION_FORMAT = "dwarf-with-dsym";
				ENABLE_NS_ASSERTIONS = NO;
				ENABLE_STRICT_OBJC_MSGSEND = YES;
				GCC_C_LANGUAGE_STANDARD = gnu11;
				GCC_NO_COMMON_BLOCKS = YES;
				GCC_WARN_64_TO_32_BIT_CONVERSION = YES;
				GCC_WARN_ABOUT_RETURN_TYPE = YES_ERROR;
				GCC_WARN_UNDECLARED_SELECTOR = YES;
				GCC_WARN_UNINITIALIZED_AUTOS = YES_AGGRESSIVE;
				GCC_WARN_UNUSED_FUNCTION = YES;
				GCC_WARN_UNUSED_VARIABLE = YES;
				IPHONEOS_DEPLOYMENT_TARGET = 14.1;
				MTL_ENABLE_DEBUG_INFO = NO;
				MTL_FAST_MATH = YES;
				SDKROOT = iphoneos;
				SWIFT_COMPILATION_MODE = wholemodule;
				SWIFT_OPTIMIZATION_LEVEL = "-O";
				VALIDATE_PRODUCT = YES;
			};
			name = Release;
		};
		BB40FE4D26F88D4300506803 /* Debug */ = {
			isa = XCBuildConfiguration;
			buildSettings = {
				ASSETCATALOG_COMPILER_APPICON_NAME = AppIcon;
				ASSETCATALOG_COMPILER_GLOBAL_ACCENT_COLOR_NAME = AccentColor;
				CODE_SIGN_STYLE = Automatic;
				DEVELOPMENT_ASSET_PATHS = "\"MarvelComics/Preview Content\"";
				DEVELOPMENT_TEAM = A5ZTP6V3DV;
				ENABLE_PREVIEWS = YES;
				INFOPLIST_FILE = MarvelComics/Info.plist;
				IPHONEOS_DEPLOYMENT_TARGET = 14.0;
				LD_RUNPATH_SEARCH_PATHS = (
					"$(inherited)",
					"@executable_path/Frameworks",
				);
				PRODUCT_BUNDLE_IDENTIFIER = ios.com.MarvelComics;
				PRODUCT_NAME = "$(TARGET_NAME)";
				SWIFT_VERSION = 5.0;
				TARGETED_DEVICE_FAMILY = "1,2";
			};
			name = Debug;
		};
		BB40FE4E26F88D4300506803 /* Release */ = {
			isa = XCBuildConfiguration;
			buildSettings = {
				ASSETCATALOG_COMPILER_APPICON_NAME = AppIcon;
				ASSETCATALOG_COMPILER_GLOBAL_ACCENT_COLOR_NAME = AccentColor;
				CODE_SIGN_STYLE = Automatic;
				DEVELOPMENT_ASSET_PATHS = "\"MarvelComics/Preview Content\"";
				DEVELOPMENT_TEAM = A5ZTP6V3DV;
				ENABLE_PREVIEWS = YES;
				INFOPLIST_FILE = MarvelComics/Info.plist;
				IPHONEOS_DEPLOYMENT_TARGET = 14.0;
				LD_RUNPATH_SEARCH_PATHS = (
					"$(inherited)",
					"@executable_path/Frameworks",
				);
				PRODUCT_BUNDLE_IDENTIFIER = ios.com.MarvelComics;
				PRODUCT_NAME = "$(TARGET_NAME)";
				SWIFT_VERSION = 5.0;
				TARGETED_DEVICE_FAMILY = "1,2";
			};
			name = Release;
		};
		BB40FE5026F88D4300506803 /* Debug */ = {
			isa = XCBuildConfiguration;
			buildSettings = {
				ALWAYS_EMBED_SWIFT_STANDARD_LIBRARIES = YES;
				BUNDLE_LOADER = "$(TEST_HOST)";
				CODE_SIGN_STYLE = Automatic;
				DEVELOPMENT_TEAM = A5ZTP6V3DV;
				INFOPLIST_FILE = MarvelComicsTests/Info.plist;
				IPHONEOS_DEPLOYMENT_TARGET = 14.0;
				LD_RUNPATH_SEARCH_PATHS = (
					"$(inherited)",
					"@executable_path/Frameworks",
					"@loader_path/Frameworks",
				);
				PRODUCT_BUNDLE_IDENTIFIER = ios.com.MarvelComicsTests;
				PRODUCT_NAME = "$(TARGET_NAME)";
				SWIFT_VERSION = 5.0;
				TARGETED_DEVICE_FAMILY = "1,2";
				TEST_HOST = "$(BUILT_PRODUCTS_DIR)/MarvelComics.app/MarvelComics";
			};
			name = Debug;
		};
		BB40FE5126F88D4300506803 /* Release */ = {
			isa = XCBuildConfiguration;
			buildSettings = {
				ALWAYS_EMBED_SWIFT_STANDARD_LIBRARIES = YES;
				BUNDLE_LOADER = "$(TEST_HOST)";
				CODE_SIGN_STYLE = Automatic;
				DEVELOPMENT_TEAM = A5ZTP6V3DV;
				INFOPLIST_FILE = MarvelComicsTests/Info.plist;
				IPHONEOS_DEPLOYMENT_TARGET = 14.0;
				LD_RUNPATH_SEARCH_PATHS = (
					"$(inherited)",
					"@executable_path/Frameworks",
					"@loader_path/Frameworks",
				);
				PRODUCT_BUNDLE_IDENTIFIER = ios.com.MarvelComicsTests;
				PRODUCT_NAME = "$(TARGET_NAME)";
				SWIFT_VERSION = 5.0;
				TARGETED_DEVICE_FAMILY = "1,2";
				TEST_HOST = "$(BUILT_PRODUCTS_DIR)/MarvelComics.app/MarvelComics";
			};
			name = Release;
		};
		BB40FE5326F88D4300506803 /* Debug */ = {
			isa = XCBuildConfiguration;
			buildSettings = {
				ALWAYS_EMBED_SWIFT_STANDARD_LIBRARIES = YES;
				CODE_SIGN_STYLE = Automatic;
				DEVELOPMENT_TEAM = A5ZTP6V3DV;
				INFOPLIST_FILE = MarvelComicsUITests/Info.plist;
				LD_RUNPATH_SEARCH_PATHS = (
					"$(inherited)",
					"@executable_path/Frameworks",
					"@loader_path/Frameworks",
				);
				PRODUCT_BUNDLE_IDENTIFIER = ios.com.MarvelComicsUITests;
				PRODUCT_NAME = "$(TARGET_NAME)";
				SWIFT_VERSION = 5.0;
				TARGETED_DEVICE_FAMILY = "1,2";
				TEST_TARGET_NAME = MarvelComics;
			};
			name = Debug;
		};
		BB40FE5426F88D4300506803 /* Release */ = {
			isa = XCBuildConfiguration;
			buildSettings = {
				ALWAYS_EMBED_SWIFT_STANDARD_LIBRARIES = YES;
				CODE_SIGN_STYLE = Automatic;
				DEVELOPMENT_TEAM = A5ZTP6V3DV;
				INFOPLIST_FILE = MarvelComicsUITests/Info.plist;
				LD_RUNPATH_SEARCH_PATHS = (
					"$(inherited)",
					"@executable_path/Frameworks",
					"@loader_path/Frameworks",
				);
				PRODUCT_BUNDLE_IDENTIFIER = ios.com.MarvelComicsUITests;
				PRODUCT_NAME = "$(TARGET_NAME)";
				SWIFT_VERSION = 5.0;
				TARGETED_DEVICE_FAMILY = "1,2";
				TEST_TARGET_NAME = MarvelComics;
			};
			name = Release;
		};
/* End XCBuildConfiguration section */

/* Begin XCConfigurationList section */
		BB40FE2226F88D4100506803 /* Build configuration list for PBXProject "MarvelComics" */ = {
			isa = XCConfigurationList;
			buildConfigurations = (
				BB40FE4A26F88D4300506803 /* Debug */,
				BB40FE4B26F88D4300506803 /* Release */,
			);
			defaultConfigurationIsVisible = 0;
			defaultConfigurationName = Release;
		};
		BB40FE4C26F88D4300506803 /* Build configuration list for PBXNativeTarget "MarvelComics" */ = {
			isa = XCConfigurationList;
			buildConfigurations = (
				BB40FE4D26F88D4300506803 /* Debug */,
				BB40FE4E26F88D4300506803 /* Release */,
			);
			defaultConfigurationIsVisible = 0;
			defaultConfigurationName = Release;
		};
		BB40FE4F26F88D4300506803 /* Build configuration list for PBXNativeTarget "MarvelComicsTests" */ = {
			isa = XCConfigurationList;
			buildConfigurations = (
				BB40FE5026F88D4300506803 /* Debug */,
				BB40FE5126F88D4300506803 /* Release */,
			);
			defaultConfigurationIsVisible = 0;
			defaultConfigurationName = Release;
		};
		BB40FE5226F88D4300506803 /* Build configuration list for PBXNativeTarget "MarvelComicsUITests" */ = {
			isa = XCConfigurationList;
			buildConfigurations = (
				BB40FE5326F88D4300506803 /* Debug */,
				BB40FE5426F88D4300506803 /* Release */,
			);
			defaultConfigurationIsVisible = 0;
			defaultConfigurationName = Release;
		};
/* End XCConfigurationList section */

/* Begin XCRemoteSwiftPackageReference section */
		BB5C5C17270DF051007B826D /* XCRemoteSwiftPackageReference "url-image" */ = {
			isa = XCRemoteSwiftPackageReference;
			repositoryURL = "https://github.com/dmytro-anokhin/url-image";
			requirement = {
				kind = upToNextMajorVersion;
				minimumVersion = 3.1.1;
			};
		};
		BB5C5C1F270DF684007B826D /* XCRemoteSwiftPackageReference "SDWebImageSwiftUI" */ = {
			isa = XCRemoteSwiftPackageReference;
			repositoryURL = "https://github.com/SDWebImage/SDWebImageSwiftUI";
			requirement = {
				kind = upToNextMajorVersion;
				minimumVersion = 2.0.2;
			};
		};
/* End XCRemoteSwiftPackageReference section */

/* Begin XCSwiftPackageProductDependency section */
		BB5C5C18270DF051007B826D /* URLImageStore */ = {
			isa = XCSwiftPackageProductDependency;
			package = BB5C5C17270DF051007B826D /* XCRemoteSwiftPackageReference "url-image" */;
			productName = URLImageStore;
		};
		BB5C5C1A270DF051007B826D /* URLImage */ = {
			isa = XCSwiftPackageProductDependency;
			package = BB5C5C17270DF051007B826D /* XCRemoteSwiftPackageReference "url-image" */;
			productName = URLImage;
		};
		BB5C5C20270DF684007B826D /* SDWebImageSwiftUI */ = {
			isa = XCSwiftPackageProductDependency;
			package = BB5C5C1F270DF684007B826D /* XCRemoteSwiftPackageReference "SDWebImageSwiftUI" */;
			productName = SDWebImageSwiftUI;
		};
/* End XCSwiftPackageProductDependency section */
	};
	rootObject = BB40FE1F26F88D4100506803 /* Project object */;
}
